
Microsoft Visual Studio Solution File, Format Version 12.00
# Visual Studio 15
VisualStudioVersion = 15.0.28307.271
MinimumVisualStudioVersion = 10.0.40219.1
Project("{9A19103F-16F7-4668-BE54-9A1E7A4F7556}") = "ConsultaCEP_Guilherme_Kroger_1719891", "ConsultaCEP\ConsultaCEP_Guilherme_Kroger_1719891.csproj", "{D22FD1C9-D961-4CB4-9B2D-BD77EC70B2D3}"
EndProject
Global
	GlobalSection(SolutionConfigurationPlatforms) = preSolution
		Debug|Any CPU = Debug|Any CPU
		Release|Any CPU = Release|Any CPU
	EndGlobalSection
	GlobalSection(ProjectConfigurationPlatforms) = postSolution
		{D22FD1C9-D961-4CB4-9B2D-BD77EC70B2D3}.Debug|Any CPU.ActiveCfg = Debug|Any CPU
		{D22FD1C9-D961-4CB4-9B2D-BD77EC70B2D3}.Debug|Any CPU.Build.0 = Debug|Any CPU
		{D22FD1C9-D961-4CB4-9B2D-BD77EC70B2D3}.Release|Any CPU.ActiveCfg = Release|Any CPU
		{D22FD1C9-D961-4CB4-9B2D-BD77EC70B2D3}.Release|Any CPU.Build.0 = Release|Any CPU
	EndGlobalSection
	GlobalSection(SolutionProperties) = preSolution
		HideSolutionNode = FALSE
	EndGlobalSection
	GlobalSection(ExtensibilityGlobals) = postSolution
		SolutionGuid = {3A42CE3D-CD1F-40F6-80BC-345649D509A6}
	EndGlobalSection
EndGlobal
